
Microsoft Visual Studio Solution File, Format Version 12.00
# Visual Studio Version 17
VisualStudioVersion = 17.11.35327.3
MinimumVisualStudioVersion = 10.0.40219.1
Project("{8BC9CEB8-8B4A-11D0-8D11-00A0C91BC942}") = "Course5Problem19", "Course5Problem19.vcxproj", "{92AE3DB6-10C5-4E1A-B05B-7A28919656EA}"
EndProject
Global
	GlobalSection(SolutionConfigurationPlatforms) = preSolution
		Debug|x64 = Debug|x64
		Debug|x86 = Debug|x86
		Release|x64 = Release|x64
		Release|x86 = Release|x86
	EndGlobalSection
	GlobalSection(ProjectConfigurationPlatforms) = postSolution
		{92AE3DB6-10C5-4E1A-B05B-7A28919656EA}.Debug|x64.ActiveCfg = Debug|x64
		{92AE3DB6-10C5-4E1A-B05B-7A28919656EA}.Debug|x64.Build.0 = Debug|x64
		{92AE3DB6-10C5-4E1A-B05B-7A28919656EA}.Debug|x86.ActiveCfg = Debug|Win32
		{92AE3DB6-10C5-4E1A-B05B-7A28919656EA}.Debug|x86.Build.0 = Debug|Win32
		{92AE3DB6-10C5-4E1A-B05B-7A28919656EA}.Release|x64.ActiveCfg = Release|x64
		{92AE3DB6-10C5-4E1A-B05B-7A28919656EA}.Release|x64.Build.0 = Release|x64
		{92AE3DB6-10C5-4E1A-B05B-7A28919656EA}.Release|x86.ActiveCfg = Release|Win32
		{92AE3DB6-10C5-4E1A-B05B-7A28919656EA}.Release|x86.Build.0 = Release|Win32
	EndGlobalSection
	GlobalSection(SolutionProperties) = preSolution
		HideSolutionNode = FALSE
	EndGlobalSection
	GlobalSection(ExtensibilityGlobals) = postSolution
		SolutionGuid = {5092307A-31FF-4087-8869-3D30273430FF}
	EndGlobalSection
EndGlobal
